
Microsoft Visual Studio Solution File, Format Version 12.00
# Visual Studio Version 17
VisualStudioVersion = 17.10.35013.160
MinimumVisualStudioVersion = 10.0.40219.1
Project("{FAE04EC0-301F-11D3-BF4B-00C04F79EFBC}") = "App111.Android", "App111.Android\App111.Android.csproj", "{D85D5525-D7B4-482F-AFDC-0CF2882441B9}"
EndProject
Project("{FAE04EC0-301F-11D3-BF4B-00C04F79EFBC}") = "App111.iOS", "App111.iOS\App111.iOS.csproj", "{C6B6557D-6E9F-4FFA-A644-309398CF146F}"
EndProject
Project("{FAE04EC0-301F-11D3-BF4B-00C04F79EFBC}") = "App111", "App111\App111.csproj", "{108D6C9B-2765-458B-BAC6-09DFE725A5F7}"
EndProject
Global
	GlobalSection(SolutionConfigurationPlatforms) = preSolution
		Debug|Any CPU = Debug|Any CPU
		Debug|iPhone = Debug|iPhone
		Debug|iPhoneSimulator = Debug|iPhoneSimulator
		Release|Any CPU = Release|Any CPU
		Release|iPhone = Release|iPhone
		Release|iPhoneSimulator = Release|iPhoneSimulator
	EndGlobalSection
	GlobalSection(ProjectConfigurationPlatforms) = postSolution
		{D85D5525-D7B4-482F-AFDC-0CF2882441B9}.Debug|Any CPU.ActiveCfg = Debug|Any CPU
		{D85D5525-D7B4-482F-AFDC-0CF2882441B9}.Debug|Any CPU.Build.0 = Debug|Any CPU
		{D85D5525-D7B4-482F-AFDC-0CF2882441B9}.Debug|Any CPU.Deploy.0 = Debug|Any CPU
		{D85D5525-D7B4-482F-AFDC-0CF2882441B9}.Debug|iPhone.ActiveCfg = Debug|Any CPU
		{D85D5525-D7B4-482F-AFDC-0CF2882441B9}.Debug|iPhone.Build.0 = Debug|Any CPU
		{D85D5525-D7B4-482F-AFDC-0CF2882441B9}.Debug|iPhone.Deploy.0 = Debug|Any CPU
		{D85D5525-D7B4-482F-AFDC-0CF2882441B9}.Debug|iPhoneSimulator.ActiveCfg = Debug|Any CPU
		{D85D5525-D7B4-482F-AFDC-0CF2882441B9}.Debug|iPhoneSimulator.Build.0 = Debug|Any CPU
		{D85D5525-D7B4-482F-AFDC-0CF2882441B9}.Debug|iPhoneSimulator.Deploy.0 = Debug|Any CPU
		{D85D5525-D7B4-482F-AFDC-0CF2882441B9}.Release|Any CPU.ActiveCfg = Release|Any CPU
		{D85D5525-D7B4-482F-AFDC-0CF2882441B9}.Release|Any CPU.Build.0 = Release|Any CPU
		{D85D5525-D7B4-482F-AFDC-0CF2882441B9}.Release|Any CPU.Deploy.0 = Release|Any CPU
		{D85D5525-D7B4-482F-AFDC-0CF2882441B9}.Release|iPhone.ActiveCfg = Release|Any CPU
		{D85D5525-D7B4-482F-AFDC-0CF2882441B9}.Release|iPhone.Build.0 = Release|Any CPU
		{D85D5525-D7B4-482F-AFDC-0CF2882441B9}.Release|iPhone.Deploy.0 = Release|Any CPU
		{D85D5525-D7B4-482F-AFDC-0CF2882441B9}.Release|iPhoneSimulator.ActiveCfg = Release|Any CPU
		{D85D5525-D7B4-482F-AFDC-0CF2882441B9}.Release|iPhoneSimulator.Build.0 = Release|Any CPU
		{D85D5525-D7B4-482F-AFDC-0CF2882441B9}.Release|iPhoneSimulator.Deploy.0 = Release|Any CPU
		{C6B6557D-6E9F-4FFA-A644-309398CF146F}.Debug|Any CPU.ActiveCfg = Debug|iPhone
		{C6B6557D-6E9F-4FFA-A644-309398CF146F}.Debug|Any CPU.Build.0 = Debug|iPhone
		{C6B6557D-6E9F-4FFA-A644-309398CF146F}.Debug|Any CPU.Deploy.0 = Debug|iPhone
		{C6B6557D-6E9F-4FFA-A644-309398CF146F}.Debug|iPhone.ActiveCfg = Debug|iPhone
		{C6B6557D-6E9F-4FFA-A644-309398CF146F}.Debug|iPhone.Build.0 = Debug|iPhone
		{C6B6557D-6E9F-4FFA-A644-309398CF146F}.Debug|iPhone.Deploy.0 = Debug|iPhone
		{C6B6557D-6E9F-4FFA-A644-309398CF146F}.Debug|iPhoneSimulator.ActiveCfg = Debug|iPhoneSimulator
		{C6B6557D-6E9F-4FFA-A644-309398CF146F}.Debug|iPhoneSimulator.Build.0 = Debug|iPhoneSimulator
		{C6B6557D-6E9F-4FFA-A644-309398CF146F}.Debug|iPhoneSimulator.Deploy.0 = Debug|iPhoneSimulator
		{C6B6557D-6E9F-4FFA-A644-309398CF146F}.Release|Any CPU.ActiveCfg = Release|iPhoneSimulator
		{C6B6557D-6E9F-4FFA-A644-309398CF146F}.Release|Any CPU.Build.0 = Release|iPhoneSimulator
		{C6B6557D-6E9F-4FFA-A644-309398CF146F}.Release|Any CPU.Deploy.0 = Release|iPhoneSimulator
		{C6B6557D-6E9F-4FFA-A644-309398CF146F}.Release|iPhone.ActiveCfg = Release|iPhone
		{C6B6557D-6E9F-4FFA-A644-309398CF146F}.Release|iPhone.Build.0 = Release|iPhone
		{C6B6557D-6E9F-4FFA-A644-309398CF146F}.Release|iPhone.Deploy.0 = Release|iPhone
		{C6B6557D-6E9F-4FFA-A644-309398CF146F}.Release|iPhoneSimulator.ActiveCfg = Release|iPhoneSimulator
		{C6B6557D-6E9F-4FFA-A644-309398CF146F}.Release|iPhoneSimulator.Build.0 = Release|iPhoneSimulator
		{C6B6557D-6E9F-4FFA-A644-309398CF146F}.Release|iPhoneSimulator.Deploy.0 = Release|iPhoneSimulator
		{108D6C9B-2765-458B-BAC6-09DFE725A5F7}.Debug|Any CPU.ActiveCfg = Debug|Any CPU
		{108D6C9B-2765-458B-BAC6-09DFE725A5F7}.Debug|Any CPU.Build.0 = Debug|Any CPU
		{108D6C9B-2765-458B-BAC6-09DFE725A5F7}.Debug|Any CPU.Deploy.0 = Debug|Any CPU
		{108D6C9B-2765-458B-BAC6-09DFE725A5F7}.Debug|iPhone.ActiveCfg = Debug|Any CPU
		{108D6C9B-2765-458B-BAC6-09DFE725A5F7}.Debug|iPhone.Build.0 = Debug|Any CPU
		{108D6C9B-2765-458B-BAC6-09DFE725A5F7}.Debug|iPhone.Deploy.0 = Debug|Any CPU
		{108D6C9B-2765-458B-BAC6-09DFE725A5F7}.Debug|iPhoneSimulator.ActiveCfg = Debug|Any CPU
		{108D6C9B-2765-458B-BAC6-09DFE725A5F7}.Debug|iPhoneSimulator.Build.0 = Debug|Any CPU
		{108D6C9B-2765-458B-BAC6-09DFE725A5F7}.Debug|iPhoneSimulator.Deploy.0 = Debug|Any CPU
		{108D6C9B-2765-458B-BAC6-09DFE725A5F7}.Release|Any CPU.ActiveCfg = Release|Any CPU
		{108D6C9B-2765-458B-BAC6-09DFE725A5F7}.Release|Any CPU.Build.0 = Release|Any CPU
		{108D6C9B-2765-458B-BAC6-09DFE725A5F7}.Release|Any CPU.Deploy.0 = Release|Any CPU
		{108D6C9B-2765-458B-BAC6-09DFE725A5F7}.Release|iPhone.ActiveCfg = Release|Any CPU
		{108D6C9B-2765-458B-BAC6-09DFE725A5F7}.Release|iPhone.Build.0 = Release|Any CPU
		{108D6C9B-2765-458B-BAC6-09DFE725A5F7}.Release|iPhone.Deploy.0 = Release|Any CPU
		{108D6C9B-2765-458B-BAC6-09DFE725A5F7}.Release|iPhoneSimulator.ActiveCfg = Release|Any CPU
		{108D6C9B-2765-458B-BAC6-09DFE725A5F7}.Release|iPhoneSimulator.Build.0 = Release|Any CPU
		{108D6C9B-2765-458B-BAC6-09DFE725A5F7}.Release|iPhoneSimulator.Deploy.0 = Release|Any CPU
	EndGlobalSection
	GlobalSection(SolutionProperties) = preSolution
		HideSolutionNode = FALSE
	EndGlobalSection
	GlobalSection(ExtensibilityGlobals) = postSolution
		SolutionGuid = {B7E14DE5-9722-4334-9AF1-586E723D690E}
	EndGlobalSection
EndGlobal
